{
  "name": "autodeskassignment",
  "version": "1.0.0",
  "lockfileVersion": 1,
  "requires": true,
  "dependencies": {
    "circular-array": {
      "version": "0.1.1",
      "resolved": "https://registry.npmjs.org/circular-array/-/circular-array-0.1.1.tgz",
      "integrity": "sha512-9eHxx1jXdGCXmBZWKAjYcsgqCUlFOaavWsGgUOc0AQAIq1ebnX2b+3XNmyEUbgO02s0WJyw3ddnmq1GEcTt+ww=="
    }
  }
}
